
Microsoft Visual Studio Solution File, Format Version 12.00
# Visual Studio Version 17
VisualStudioVersion = 17.14.36127.28 d17.14
MinimumVisualStudioVersion = 10.0.40219.1
Project("{FAE04EC0-301F-11D3-BF4B-00C04F79EFBC}") = "Fibonacci", "Fibonacci\Fibonacci.csproj", "{C57CF382-E25D-4F2B-A683-719B3F70F1C2}"
EndProject
Project("{FAE04EC0-301F-11D3-BF4B-00C04F79EFBC}") = "Fibonacci_Recursivo", "Fibonacci_Recursivo\Fibonacci_Recursivo.csproj", "{FE740873-2A3E-4DF6-AFD8-CF09C5CD6737}"
EndProject
Project("{FAE04EC0-301F-11D3-BF4B-00C04F79EFBC}") = "Numeros_Primos", "Numeros_Primos\Numeros_Primos.csproj", "{0108AF2E-7CED-43CA-9661-6D9E967024FF}"
EndProject
Global
	GlobalSection(SolutionConfigurationPlatforms) = preSolution
		Debug|Any CPU = Debug|Any CPU
		Release|Any CPU = Release|Any CPU
	EndGlobalSection
	GlobalSection(ProjectConfigurationPlatforms) = postSolution
		{C57CF382-E25D-4F2B-A683-719B3F70F1C2}.Debug|Any CPU.ActiveCfg = Debug|Any CPU
		{C57CF382-E25D-4F2B-A683-719B3F70F1C2}.Debug|Any CPU.Build.0 = Debug|Any CPU
		{C57CF382-E25D-4F2B-A683-719B3F70F1C2}.Release|Any CPU.ActiveCfg = Release|Any CPU
		{C57CF382-E25D-4F2B-A683-719B3F70F1C2}.Release|Any CPU.Build.0 = Release|Any CPU
		{FE740873-2A3E-4DF6-AFD8-CF09C5CD6737}.Debug|Any CPU.ActiveCfg = Debug|Any CPU
		{FE740873-2A3E-4DF6-AFD8-CF09C5CD6737}.Debug|Any CPU.Build.0 = Debug|Any CPU
		{FE740873-2A3E-4DF6-AFD8-CF09C5CD6737}.Release|Any CPU.ActiveCfg = Release|Any CPU
		{FE740873-2A3E-4DF6-AFD8-CF09C5CD6737}.Release|Any CPU.Build.0 = Release|Any CPU
		{0108AF2E-7CED-43CA-9661-6D9E967024FF}.Debug|Any CPU.ActiveCfg = Debug|Any CPU
		{0108AF2E-7CED-43CA-9661-6D9E967024FF}.Debug|Any CPU.Build.0 = Debug|Any CPU
		{0108AF2E-7CED-43CA-9661-6D9E967024FF}.Release|Any CPU.ActiveCfg = Release|Any CPU
		{0108AF2E-7CED-43CA-9661-6D9E967024FF}.Release|Any CPU.Build.0 = Release|Any CPU
	EndGlobalSection
	GlobalSection(SolutionProperties) = preSolution
		HideSolutionNode = FALSE
	EndGlobalSection
	GlobalSection(ExtensibilityGlobals) = postSolution
		SolutionGuid = {B52782C0-CCB9-45A5-8902-F3DE6A7EC3BE}
	EndGlobalSection
EndGlobal
